
Microsoft Visual Studio Solution File, Format Version 12.00
# Visual Studio Version 16
VisualStudioVersion = 16.0.31313.79
MinimumVisualStudioVersion = 10.0.40219.1
Project("{FAE04EC0-301F-11D3-BF4B-00C04F79EFBC}") = "MagzineStore", "MagzineStore.csproj", "{A1D29B7A-B9C7-4F7E-B685-EFF6F5FE6AC4}"
EndProject
Global
	GlobalSection(SolutionConfigurationPlatforms) = preSolution
		Debug|Any CPU = Debug|Any CPU
		Release|Any CPU = Release|Any CPU
	EndGlobalSection
	GlobalSection(ProjectConfigurationPlatforms) = postSolution
		{A1D29B7A-B9C7-4F7E-B685-EFF6F5FE6AC4}.Debug|Any CPU.ActiveCfg = Debug|Any CPU
		{A1D29B7A-B9C7-4F7E-B685-EFF6F5FE6AC4}.Debug|Any CPU.Build.0 = Debug|Any CPU
		{A1D29B7A-B9C7-4F7E-B685-EFF6F5FE6AC4}.Release|Any CPU.ActiveCfg = Release|Any CPU
		{A1D29B7A-B9C7-4F7E-B685-EFF6F5FE6AC4}.Release|Any CPU.Build.0 = Release|Any CPU
	EndGlobalSection
	GlobalSection(SolutionProperties) = preSolution
		HideSolutionNode = FALSE
	EndGlobalSection
	GlobalSection(ExtensibilityGlobals) = postSolution
		SolutionGuid = {2A290EF1-DD91-40AE-AB25-C5CFF29722FE}
	EndGlobalSection
EndGlobal
